// !$*UTF8*$!
{
	archiveVersion = 1;
	classes = {
	};
	objectVersion = 56;
	objects = {

/* Begin PBXBuildFile section */
		D6C65FBE2B90BFE400B7D5DA /* AppDelegate.swift in Sources */ = {isa = PBXBuildFile; fileRef = D6C65FBD2B90BFE400B7D5DA /* AppDelegate.swift */; };
		D6C65FC02B90BFE400B7D5DA /* SceneDelegate.swift in Sources */ = {isa = PBXBuildFile; fileRef = D6C65FBF2B90BFE400B7D5DA /* SceneDelegate.swift */; };
		D6C65FC72B90BFE600B7D5DA /* Assets.xcassets in Resources */ = {isa = PBXBuildFile; fileRef = D6C65FC62B90BFE600B7D5DA /* Assets.xcassets */; };
		D6C65FCA2B90BFE600B7D5DA /* LaunchScreen.storyboard in Resources */ = {isa = PBXBuildFile; fileRef = D6C65FC82B90BFE600B7D5DA /* LaunchScreen.storyboard */; };
		D6C65FE12B90C03F00B7D5DA /* ResponseModel.swift in Sources */ = {isa = PBXBuildFile; fileRef = D6C65FDE2B90C03F00B7D5DA /* ResponseModel.swift */; };
		D6C65FE22B90C03F00B7D5DA /* AllDishesEndPoint.swift in Sources */ = {isa = PBXBuildFile; fileRef = D6C65FDF2B90C03F00B7D5DA /* AllDishesEndPoint.swift */; };
		D6C65FE32B90C03F00B7D5DA /* DishesAPI.swift in Sources */ = {isa = PBXBuildFile; fileRef = D6C65FE02B90C03F00B7D5DA /* DishesAPI.swift */; };
		D6C65FE42B90C08500B7D5DA /* HTTPRequestMethod.swift in Sources */ = {isa = PBXBuildFile; fileRef = D6C65FD42B90C00400B7D5DA /* HTTPRequestMethod.swift */; };
		D6C65FE52B90C08700B7D5DA /* BaseAPI.swift in Sources */ = {isa = PBXBuildFile; fileRef = D6C65FD52B90C00400B7D5DA /* BaseAPI.swift */; };
		D6C65FE62B90C08A00B7D5DA /* ResponseWrapper.swift in Sources */ = {isa = PBXBuildFile; fileRef = D6C65FD62B90C00400B7D5DA /* ResponseWrapper.swift */; };
		D6C65FE72B90C08C00B7D5DA /* EndPoint.swift in Sources */ = {isa = PBXBuildFile; fileRef = D6C65FD72B90C00400B7D5DA /* EndPoint.swift */; };
		D6C65FE82B90C08F00B7D5DA /* HomeViewModel.swift in Sources */ = {isa = PBXBuildFile; fileRef = D6C65FD92B90C01A00B7D5DA /* HomeViewModel.swift */; };
		D6C65FE92B90C09100B7D5DA /* HomeViewController.swift in Sources */ = {isa = PBXBuildFile; fileRef = D6C65FDA2B90C01A00B7D5DA /* HomeViewController.swift */; };
		D6C65FEC2B90C11D00B7D5DA /* CategoriesSection.swift in Sources */ = {isa = PBXBuildFile; fileRef = D6C65FEB2B90C11D00B7D5DA /* CategoriesSection.swift */; };
		D6C65FF02B90C16B00B7D5DA /* CategoriesCollectionViewCell.swift in Sources */ = {isa = PBXBuildFile; fileRef = D6C65FEE2B90C16B00B7D5DA /* CategoriesCollectionViewCell.swift */; };
		D6C65FF12B90C16B00B7D5DA /* CategoriesCollectionViewCell.xib in Resources */ = {isa = PBXBuildFile; fileRef = D6C65FEF2B90C16B00B7D5DA /* CategoriesCollectionViewCell.xib */; };
		D6C65FF22B90C1BA00B7D5DA /* SectionsLayout.swift in Sources */ = {isa = PBXBuildFile; fileRef = D6C65FDC2B90C02C00B7D5DA /* SectionsLayout.swift */; };
		D6C65FF82B90C24600B7D5DA /* HeaderCollectionReusableView.xib in Resources */ = {isa = PBXBuildFile; fileRef = D6C65FF62B90C24600B7D5DA /* HeaderCollectionReusableView.xib */; };
		D6C65FF92B90C24600B7D5DA /* HeaderCollectionReusableView.swift in Sources */ = {isa = PBXBuildFile; fileRef = D6C65FF72B90C24600B7D5DA /* HeaderCollectionReusableView.swift */; };
		D6C65FFC2B90C2B600B7D5DA /* UICollectionView+Ext.swift in Sources */ = {isa = PBXBuildFile; fileRef = D6C65FFB2B90C2B600B7D5DA /* UICollectionView+Ext.swift */; };
		D6C65FFF2B90C4FA00B7D5DA /* PopularsSection.swift in Sources */ = {isa = PBXBuildFile; fileRef = D6C65FFE2B90C4FA00B7D5DA /* PopularsSection.swift */; };
		D6C660022B90C5E400B7D5DA /* PopularsCollectionViewCell.xib in Resources */ = {isa = PBXBuildFile; fileRef = D6C660002B90C5E400B7D5DA /* PopularsCollectionViewCell.xib */; };
		D6C660032B90C5E400B7D5DA /* PopularsCollectionViewCell.swift in Sources */ = {isa = PBXBuildFile; fileRef = D6C660012B90C5E400B7D5DA /* PopularsCollectionViewCell.swift */; };
		D6C660052B90C6B600B7D5DA /* HomeFactory.swift in Sources */ = {isa = PBXBuildFile; fileRef = D6C660042B90C6B600B7D5DA /* HomeFactory.swift */; };
		D6C6600D2B90CA4C00B7D5DA /* HomeUseCase.swift in Sources */ = {isa = PBXBuildFile; fileRef = D6C6600C2B90CA4C00B7D5DA /* HomeUseCase.swift */; };
		D6C6600F2B916E5900B7D5DA /* UIImageView+Ext.swift in Sources */ = {isa = PBXBuildFile; fileRef = D6C6600E2B916E5900B7D5DA /* UIImageView+Ext.swift */; };
		D6C660122B91856300B7D5DA /* AppRouter.swift in Sources */ = {isa = PBXBuildFile; fileRef = D6C660112B91856300B7D5DA /* AppRouter.swift */; };
		D6C660142B91856900B7D5DA /* Router.swift in Sources */ = {isa = PBXBuildFile; fileRef = D6C660132B91856900B7D5DA /* Router.swift */; };
		D6C660172B91860E00B7D5DA /* Coordinator.swift in Sources */ = {isa = PBXBuildFile; fileRef = D6C660162B91860E00B7D5DA /* Coordinator.swift */; };
		D6C660192B91864400B7D5DA /* AppCoordinator.swift in Sources */ = {isa = PBXBuildFile; fileRef = D6C660182B91864400B7D5DA /* AppCoordinator.swift */; };
		D6C6601D2B918D4D00B7D5DA /* DetailsViewController.swift in Sources */ = {isa = PBXBuildFile; fileRef = D6C6601B2B918D4D00B7D5DA /* DetailsViewController.swift */; };
		D6C6601E2B918D4D00B7D5DA /* DetailsViewController.xib in Resources */ = {isa = PBXBuildFile; fileRef = D6C6601C2B918D4D00B7D5DA /* DetailsViewController.xib */; };
		D6C660212B91EFF500B7D5DA /* SpecialsSection.swift in Sources */ = {isa = PBXBuildFile; fileRef = D6C660202B91EFF500B7D5DA /* SpecialsSection.swift */; };
		D6C660242B91F0BA00B7D5DA /* SpecialsCollectionViewCell.xib in Resources */ = {isa = PBXBuildFile; fileRef = D6C660222B91F0BA00B7D5DA /* SpecialsCollectionViewCell.xib */; };
		D6C660252B91F0BB00B7D5DA /* SpecialsCollectionViewCell.swift in Sources */ = {isa = PBXBuildFile; fileRef = D6C660232B91F0BA00B7D5DA /* SpecialsCollectionViewCell.swift */; };
/* End PBXBuildFile section */

/* Begin PBXFileReference section */
		D6C65FBA2B90BFE400B7D5DA /* CleanArchitecture.app */ = {isa = PBXFileReference; explicitFileType = wrapper.application; includeInIndex = 0; path = CleanArchitecture.app; sourceTree = BUILT_PRODUCTS_DIR; };
		D6C65FBD2B90BFE400B7D5DA /* AppDelegate.swift */ = {isa = PBXFileReference; lastKnownFileType = sourcecode.swift; path = AppDelegate.swift; sourceTree = "<group>"; };
		D6C65FBF2B90BFE400B7D5DA /* SceneDelegate.swift */ = {isa = PBXFileReference; lastKnownFileType = sourcecode.swift; path = SceneDelegate.swift; sourceTree = "<group>"; };
		D6C65FC62B90BFE600B7D5DA /* Assets.xcassets */ = {isa = PBXFileReference; lastKnownFileType = folder.assetcatalog; path = Assets.xcassets; sourceTree = "<group>"; };
		D6C65FC92B90BFE600B7D5DA /* Base */ = {isa = PBXFileReference; lastKnownFileType = file.storyboard; name = Base; path = Base.lproj/LaunchScreen.storyboard; sourceTree = "<group>"; };
		D6C65FCB2B90BFE600B7D5DA /* Info.plist */ = {isa = PBXFileReference; lastKnownFileType = text.plist.xml; path = Info.plist; sourceTree = "<group>"; };
		D6C65FD42B90C00400B7D5DA /* HTTPRequestMethod.swift */ = {isa = PBXFileReference; lastKnownFileType = sourcecode.swift; path = HTTPRequestMethod.swift; sourceTree = "<group>"; };
		D6C65FD52B90C00400B7D5DA /* BaseAPI.swift */ = {isa = PBXFileReference; lastKnownFileType = sourcecode.swift; path = BaseAPI.swift; sourceTree = "<group>"; };
		D6C65FD62B90C00400B7D5DA /* ResponseWrapper.swift */ = {isa = PBXFileReference; lastKnownFileType = sourcecode.swift; path = ResponseWrapper.swift; sourceTree = "<group>"; };
		D6C65FD72B90C00400B7D5DA /* EndPoint.swift */ = {isa = PBXFileReference; lastKnownFileType = sourcecode.swift; path = EndPoint.swift; sourceTree = "<group>"; };
		D6C65FD92B90C01A00B7D5DA /* HomeViewModel.swift */ = {isa = PBXFileReference; lastKnownFileType = sourcecode.swift; path = HomeViewModel.swift; sourceTree = "<group>"; };
		D6C65FDA2B90C01A00B7D5DA /* HomeViewController.swift */ = {isa = PBXFileReference; lastKnownFileType = sourcecode.swift; path = HomeViewController.swift; sourceTree = "<group>"; };
		D6C65FDC2B90C02C00B7D5DA /* SectionsLayout.swift */ = {isa = PBXFileReference; lastKnownFileType = sourcecode.swift; path = SectionsLayout.swift; sourceTree = "<group>"; };
		D6C65FDE2B90C03F00B7D5DA /* ResponseModel.swift */ = {isa = PBXFileReference; fileEncoding = 4; lastKnownFileType = sourcecode.swift; path = ResponseModel.swift; sourceTree = "<group>"; };
		D6C65FDF2B90C03F00B7D5DA /* AllDishesEndPoint.swift */ = {isa = PBXFileReference; fileEncoding = 4; lastKnownFileType = sourcecode.swift; path = AllDishesEndPoint.swift; sourceTree = "<group>"; };
		D6C65FE02B90C03F00B7D5DA /* DishesAPI.swift */ = {isa = PBXFileReference; fileEncoding = 4; lastKnownFileType = sourcecode.swift; path = DishesAPI.swift; sourceTree = "<group>"; };
		D6C65FEB2B90C11D00B7D5DA /* CategoriesSection.swift */ = {isa = PBXFileReference; lastKnownFileType = sourcecode.swift; path = CategoriesSection.swift; sourceTree = "<group>"; };
		D6C65FEE2B90C16B00B7D5DA /* CategoriesCollectionViewCell.swift */ = {isa = PBXFileReference; lastKnownFileType = sourcecode.swift; path = CategoriesCollectionViewCell.swift; sourceTree = "<group>"; };
		D6C65FEF2B90C16B00B7D5DA /* CategoriesCollectionViewCell.xib */ = {isa = PBXFileReference; lastKnownFileType = file.xib; path = CategoriesCollectionViewCell.xib; sourceTree = "<group>"; };
		D6C65FF62B90C24600B7D5DA /* HeaderCollectionReusableView.xib */ = {isa = PBXFileReference; fileEncoding = 4; lastKnownFileType = file.xib; path = HeaderCollectionReusableView.xib; sourceTree = "<group>"; };
		D6C65FF72B90C24600B7D5DA /* HeaderCollectionReusableView.swift */ = {isa = PBXFileReference; fileEncoding = 4; lastKnownFileType = sourcecode.swift; path = HeaderCollectionReusableView.swift; sourceTree = "<group>"; };
		D6C65FFB2B90C2B600B7D5DA /* UICollectionView+Ext.swift */ = {isa = PBXFileReference; lastKnownFileType = sourcecode.swift; path = "UICollectionView+Ext.swift"; sourceTree = "<group>"; };
		D6C65FFE2B90C4FA00B7D5DA /* PopularsSection.swift */ = {isa = PBXFileReference; lastKnownFileType = sourcecode.swift; path = PopularsSection.swift; sourceTree = "<group>"; };
		D6C660002B90C5E400B7D5DA /* PopularsCollectionViewCell.xib */ = {isa = PBXFileReference; fileEncoding = 4; lastKnownFileType = file.xib; path = PopularsCollectionViewCell.xib; sourceTree = "<group>"; };
		D6C660012B90C5E400B7D5DA /* PopularsCollectionViewCell.swift */ = {isa = PBXFileReference; fileEncoding = 4; lastKnownFileType = sourcecode.swift; path = PopularsCollectionViewCell.swift; sourceTree = "<group>"; };
		D6C660042B90C6B600B7D5DA /* HomeFactory.swift */ = {isa = PBXFileReference; lastKnownFileType = sourcecode.swift; path = HomeFactory.swift; sourceTree = "<group>"; };
		D6C6600C2B90CA4C00B7D5DA /* HomeUseCase.swift */ = {isa = PBXFileReference; lastKnownFileType = sourcecode.swift; path = HomeUseCase.swift; sourceTree = "<group>"; };
		D6C6600E2B916E5900B7D5DA /* UIImageView+Ext.swift */ = {isa = PBXFileReference; lastKnownFileType = sourcecode.swift; path = "UIImageView+Ext.swift"; sourceTree = "<group>"; };
		D6C660112B91856300B7D5DA /* AppRouter.swift */ = {isa = PBXFileReference; lastKnownFileType = sourcecode.swift; path = AppRouter.swift; sourceTree = "<group>"; };
		D6C660132B91856900B7D5DA /* Router.swift */ = {isa = PBXFileReference; lastKnownFileType = sourcecode.swift; path = Router.swift; sourceTree = "<group>"; };
		D6C660162B91860E00B7D5DA /* Coordinator.swift */ = {isa = PBXFileReference; lastKnownFileType = sourcecode.swift; path = Coordinator.swift; sourceTree = "<group>"; };
		D6C660182B91864400B7D5DA /* AppCoordinator.swift */ = {isa = PBXFileReference; lastKnownFileType = sourcecode.swift; path = AppCoordinator.swift; sourceTree = "<group>"; };
		D6C6601B2B918D4D00B7D5DA /* DetailsViewController.swift */ = {isa = PBXFileReference; lastKnownFileType = sourcecode.swift; path = DetailsViewController.swift; sourceTree = "<group>"; };
		D6C6601C2B918D4D00B7D5DA /* DetailsViewController.xib */ = {isa = PBXFileReference; lastKnownFileType = file.xib; path = DetailsViewController.xib; sourceTree = "<group>"; };
		D6C660202B91EFF500B7D5DA /* SpecialsSection.swift */ = {isa = PBXFileReference; lastKnownFileType = sourcecode.swift; path = SpecialsSection.swift; sourceTree = "<group>"; };
		D6C660222B91F0BA00B7D5DA /* SpecialsCollectionViewCell.xib */ = {isa = PBXFileReference; fileEncoding = 4; lastKnownFileType = file.xib; path = SpecialsCollectionViewCell.xib; sourceTree = "<group>"; };
		D6C660232B91F0BA00B7D5DA /* SpecialsCollectionViewCell.swift */ = {isa = PBXFileReference; fileEncoding = 4; lastKnownFileType = sourcecode.swift; path = SpecialsCollectionViewCell.swift; sourceTree = "<group>"; };
/* End PBXFileReference section */

/* Begin PBXFrameworksBuildPhase section */
		D6C65FB72B90BFE400B7D5DA /* Frameworks */ = {
			isa = PBXFrameworksBuildPhase;
			buildActionMask = 2147483647;
			files = (
			);
			runOnlyForDeploymentPostprocessing = 0;
		};
/* End PBXFrameworksBuildPhase section */

/* Begin PBXGroup section */
		D6724D8B2B921CFF00FC6AF7 /* CustomViews */ = {
			isa = PBXGroup;
			children = (
				D6C65FF52B90C24000B7D5DA /* SupplementaryView */,
			);
			path = CustomViews;
			sourceTree = "<group>";
		};
		D6724D8C2B921D1600FC6AF7 /* SectionsLayoutProtocol */ = {
			isa = PBXGroup;
			children = (
				D6C65FDC2B90C02C00B7D5DA /* SectionsLayout.swift */,
			);
			path = SectionsLayoutProtocol;
			sourceTree = "<group>";
		};
		D6C65FB12B90BFE400B7D5DA = {
			isa = PBXGroup;
			children = (
				D6C65FBC2B90BFE400B7D5DA /* CleanArchitecture */,
				D6C65FBB2B90BFE400B7D5DA /* Products */,
			);
			sourceTree = "<group>";
		};
		D6C65FBB2B90BFE400B7D5DA /* Products */ = {
			isa = PBXGroup;
			children = (
				D6C65FBA2B90BFE400B7D5DA /* CleanArchitecture.app */,
			);
			name = Products;
			sourceTree = "<group>";
		};
		D6C65FBC2B90BFE400B7D5DA /* CleanArchitecture */ = {
			isa = PBXGroup;
			children = (
				D6C65FDD2B90C03800B7D5DA /* Service */,
				D6C65FD32B90C00400B7D5DA /* Networking */,
				D6C65FD82B90C01A00B7D5DA /* Home */,
				D6C6601A2B918CCB00B7D5DA /* Details */,
				D6C65FBD2B90BFE400B7D5DA /* AppDelegate.swift */,
				D6C65FBF2B90BFE400B7D5DA /* SceneDelegate.swift */,
				D6C65FDB2B90C02C00B7D5DA /* Utilities */,
				D6C65FC62B90BFE600B7D5DA /* Assets.xcassets */,
				D6C65FC82B90BFE600B7D5DA /* LaunchScreen.storyboard */,
				D6C65FCB2B90BFE600B7D5DA /* Info.plist */,
			);
			path = CleanArchitecture;
			sourceTree = "<group>";
		};
		D6C65FD32B90C00400B7D5DA /* Networking */ = {
			isa = PBXGroup;
			children = (
				D6C65FD42B90C00400B7D5DA /* HTTPRequestMethod.swift */,
				D6C65FD52B90C00400B7D5DA /* BaseAPI.swift */,
				D6C65FD62B90C00400B7D5DA /* ResponseWrapper.swift */,
				D6C65FD72B90C00400B7D5DA /* EndPoint.swift */,
			);
			path = Networking;
			sourceTree = "<group>";
		};
		D6C65FD82B90C01A00B7D5DA /* Home */ = {
			isa = PBXGroup;
			children = (
				D6C6600B2B90CA2900B7D5DA /* Data */,
				D6C6600A2B90CA2100B7D5DA /* Domain */,
				D6C660092B90CA0E00B7D5DA /* Presentation */,
			);
			path = Home;
			sourceTree = "<group>";
		};
		D6C65FDB2B90C02C00B7D5DA /* Utilities */ = {
			isa = PBXGroup;
			children = (
				D6C660152B9185F200B7D5DA /* Coordinator */,
				D6C660102B91855200B7D5DA /* Router */,
				D6C65FFA2B90C2A300B7D5DA /* Extensions */,
				D6724D8B2B921CFF00FC6AF7 /* CustomViews */,
				D6724D8C2B921D1600FC6AF7 /* SectionsLayoutProtocol */,
			);
			path = Utilities;
			sourceTree = "<group>";
		};
		D6C65FDD2B90C03800B7D5DA /* Service */ = {
			isa = PBXGroup;
			children = (
				D6C65FDF2B90C03F00B7D5DA /* AllDishesEndPoint.swift */,
				D6C65FE02B90C03F00B7D5DA /* DishesAPI.swift */,
				D6C65FDE2B90C03F00B7D5DA /* ResponseModel.swift */,
			);
			path = Service;
			sourceTree = "<group>";
		};
		D6C65FEA2B90C10E00B7D5DA /* Sections */ = {
			isa = PBXGroup;
			children = (
				D6C6601F2B91EFD400B7D5DA /* SpecialsSection */,
				D6C65FFD2B90C4C200B7D5DA /* PopularsSection */,
				D6C65FED2B90C12500B7D5DA /* CategoriesSection */,
			);
			path = Sections;
			sourceTree = "<group>";
		};
		D6C65FED2B90C12500B7D5DA /* CategoriesSection */ = {
			isa = PBXGroup;
			children = (
				D6C65FEB2B90C11D00B7D5DA /* CategoriesSection.swift */,
				D6C65FEE2B90C16B00B7D5DA /* CategoriesCollectionViewCell.swift */,
				D6C65FEF2B90C16B00B7D5DA /* CategoriesCollectionViewCell.xib */,
			);
			path = CategoriesSection;
			sourceTree = "<group>";
		};
		D6C65FF52B90C24000B7D5DA /* SupplementaryView */ = {
			isa = PBXGroup;
			children = (
				D6C65FF72B90C24600B7D5DA /* HeaderCollectionReusableView.swift */,
				D6C65FF62B90C24600B7D5DA /* HeaderCollectionReusableView.xib */,
			);
			path = SupplementaryView;
			sourceTree = "<group>";
		};
		D6C65FFA2B90C2A300B7D5DA /* Extensions */ = {
			isa = PBXGroup;
			children = (
				D6C65FFB2B90C2B600B7D5DA /* UICollectionView+Ext.swift */,
				D6C6600E2B916E5900B7D5DA /* UIImageView+Ext.swift */,
			);
			path = Extensions;
			sourceTree = "<group>";
		};
		D6C65FFD2B90C4C200B7D5DA /* PopularsSection */ = {
			isa = PBXGroup;
			children = (
				D6C660012B90C5E400B7D5DA /* PopularsCollectionViewCell.swift */,
				D6C660002B90C5E400B7D5DA /* PopularsCollectionViewCell.xib */,
				D6C65FFE2B90C4FA00B7D5DA /* PopularsSection.swift */,
			);
			path = PopularsSection;
			sourceTree = "<group>";
		};
		D6C660092B90CA0E00B7D5DA /* Presentation */ = {
			isa = PBXGroup;
			children = (
				D6C65FD92B90C01A00B7D5DA /* HomeViewModel.swift */,
				D6C65FDA2B90C01A00B7D5DA /* HomeViewController.swift */,
			);
			path = Presentation;
			sourceTree = "<group>";
		};
		D6C6600A2B90CA2100B7D5DA /* Domain */ = {
			isa = PBXGroup;
			children = (
				D6C65FEA2B90C10E00B7D5DA /* Sections */,
				D6C6600C2B90CA4C00B7D5DA /* HomeUseCase.swift */,
			);
			path = Domain;
			sourceTree = "<group>";
		};
		D6C6600B2B90CA2900B7D5DA /* Data */ = {
			isa = PBXGroup;
			children = (
				D6C660042B90C6B600B7D5DA /* HomeFactory.swift */,
			);
			path = Data;
			sourceTree = "<group>";
		};
		D6C660102B91855200B7D5DA /* Router */ = {
			isa = PBXGroup;
			children = (
				D6C660112B91856300B7D5DA /* AppRouter.swift */,
				D6C660132B91856900B7D5DA /* Router.swift */,
			);
			path = Router;
			sourceTree = "<group>";
		};
		D6C660152B9185F200B7D5DA /* Coordinator */ = {
			isa = PBXGroup;
			children = (
				D6C660162B91860E00B7D5DA /* Coordinator.swift */,
				D6C660182B91864400B7D5DA /* AppCoordinator.swift */,
			);
			path = Coordinator;
			sourceTree = "<group>";
		};
		D6C6601A2B918CCB00B7D5DA /* Details */ = {
			isa = PBXGroup;
			children = (
				D6C6601B2B918D4D00B7D5DA /* DetailsViewController.swift */,
				D6C6601C2B918D4D00B7D5DA /* DetailsViewController.xib */,
			);
			path = Details;
			sourceTree = "<group>";
		};
		D6C6601F2B91EFD400B7D5DA /* SpecialsSection */ = {
			isa = PBXGroup;
			children = (
				D6C660202B91EFF500B7D5DA /* SpecialsSection.swift */,
				D6C660232B91F0BA00B7D5DA /* SpecialsCollectionViewCell.swift */,
				D6C660222B91F0BA00B7D5DA /* SpecialsCollectionViewCell.xib */,
			);
			path = SpecialsSection;
			sourceTree = "<group>";
		};
/* End PBXGroup section */

/* Begin PBXNativeTarget section */
		D6C65FB92B90BFE400B7D5DA /* CleanArchitecture */ = {
			isa = PBXNativeTarget;
			buildConfigurationList = D6C65FCE2B90BFE600B7D5DA /* Build configuration list for PBXNativeTarget "CleanArchitecture" */;
			buildPhases = (
				D6C65FB62B90BFE400B7D5DA /* Sources */,
				D6C65FB72B90BFE400B7D5DA /* Frameworks */,
				D6C65FB82B90BFE400B7D5DA /* Resources */,
			);
			buildRules = (
			);
			dependencies = (
			);
			name = CleanArchitecture;
			productName = CleanArchitecture;
			productReference = D6C65FBA2B90BFE400B7D5DA /* CleanArchitecture.app */;
			productType = "com.apple.product-type.application";
		};
/* End PBXNativeTarget section */

/* Begin PBXProject section */
		D6C65FB22B90BFE400B7D5DA /* Project object */ = {
			isa = PBXProject;
			attributes = {
				BuildIndependentTargetsInParallel = 1;
				LastSwiftUpdateCheck = 1500;
				LastUpgradeCheck = 1500;
				TargetAttributes = {
					D6C65FB92B90BFE400B7D5DA = {
						CreatedOnToolsVersion = 15.0.1;
					};
				};
			};
			buildConfigurationList = D6C65FB52B90BFE400B7D5DA /* Build configuration list for PBXProject "CleanArchitecture" */;
			compatibilityVersion = "Xcode 14.0";
			developmentRegion = en;
			hasScannedForEncodings = 0;
			knownRegions = (
				en,
				Base,
			);
			mainGroup = D6C65FB12B90BFE400B7D5DA;
			productRefGroup = D6C65FBB2B90BFE400B7D5DA /* Products */;
			projectDirPath = "";
			projectRoot = "";
			targets = (
				D6C65FB92B90BFE400B7D5DA /* CleanArchitecture */,
			);
		};
/* End PBXProject section */

/* Begin PBXResourcesBuildPhase section */
		D6C65FB82B90BFE400B7D5DA /* Resources */ = {
			isa = PBXResourcesBuildPhase;
			buildActionMask = 2147483647;
			files = (
				D6C65FCA2B90BFE600B7D5DA /* LaunchScreen.storyboard in Resources */,
				D6C65FF82B90C24600B7D5DA /* HeaderCollectionReusableView.xib in Resources */,
				D6C660022B90C5E400B7D5DA /* PopularsCollectionViewCell.xib in Resources */,
				D6C65FC72B90BFE600B7D5DA /* Assets.xcassets in Resources */,
				D6C65FF12B90C16B00B7D5DA /* CategoriesCollectionViewCell.xib in Resources */,
				D6C660242B91F0BA00B7D5DA /* SpecialsCollectionViewCell.xib in Resources */,
				D6C6601E2B918D4D00B7D5DA /* DetailsViewController.xib in Resources */,
			);
			runOnlyForDeploymentPostprocessing = 0;
		};
/* End PBXResourcesBuildPhase section */

/* Begin PBXSourcesBuildPhase section */
		D6C65FB62B90BFE400B7D5DA /* Sources */ = {
			isa = PBXSourcesBuildPhase;
			buildActionMask = 2147483647;
			files = (
				D6C65FE82B90C08F00B7D5DA /* HomeViewModel.swift in Sources */,
				D6C65FE62B90C08A00B7D5DA /* ResponseWrapper.swift in Sources */,
				D6C660192B91864400B7D5DA /* AppCoordinator.swift in Sources */,
				D6C65FE22B90C03F00B7D5DA /* AllDishesEndPoint.swift in Sources */,
				D6C65FF22B90C1BA00B7D5DA /* SectionsLayout.swift in Sources */,
				D6C660212B91EFF500B7D5DA /* SpecialsSection.swift in Sources */,
				D6C660052B90C6B600B7D5DA /* HomeFactory.swift in Sources */,
				D6C65FE32B90C03F00B7D5DA /* DishesAPI.swift in Sources */,
				D6C6600F2B916E5900B7D5DA /* UIImageView+Ext.swift in Sources */,
				D6C65FE72B90C08C00B7D5DA /* EndPoint.swift in Sources */,
				D6C660172B91860E00B7D5DA /* Coordinator.swift in Sources */,
				D6C65FFC2B90C2B600B7D5DA /* UICollectionView+Ext.swift in Sources */,
				D6C6601D2B918D4D00B7D5DA /* DetailsViewController.swift in Sources */,
				D6C65FBE2B90BFE400B7D5DA /* AppDelegate.swift in Sources */,
				D6C65FF02B90C16B00B7D5DA /* CategoriesCollectionViewCell.swift in Sources */,
				D6C65FE12B90C03F00B7D5DA /* ResponseModel.swift in Sources */,
				D6C65FE92B90C09100B7D5DA /* HomeViewController.swift in Sources */,
				D6C65FFF2B90C4FA00B7D5DA /* PopularsSection.swift in Sources */,
				D6C65FE42B90C08500B7D5DA /* HTTPRequestMethod.swift in Sources */,
				D6C6600D2B90CA4C00B7D5DA /* HomeUseCase.swift in Sources */,
				D6C660142B91856900B7D5DA /* Router.swift in Sources */,
				D6C65FEC2B90C11D00B7D5DA /* CategoriesSection.swift in Sources */,
				D6C660252B91F0BB00B7D5DA /* SpecialsCollectionViewCell.swift in Sources */,
				D6C65FC02B90BFE400B7D5DA /* SceneDelegate.swift in Sources */,
				D6C660122B91856300B7D5DA /* AppRouter.swift in Sources */,
				D6C65FF92B90C24600B7D5DA /* HeaderCollectionReusableView.swift in Sources */,
				D6C65FE52B90C08700B7D5DA /* BaseAPI.swift in Sources */,
				D6C660032B90C5E400B7D5DA /* PopularsCollectionViewCell.swift in Sources */,
			);
			runOnlyForDeploymentPostprocessing = 0;
		};
/* End PBXSourcesBuildPhase section */

/* Begin PBXVariantGroup section */
		D6C65FC82B90BFE600B7D5DA /* LaunchScreen.storyboard */ = {
			isa = PBXVariantGroup;
			children = (
				D6C65FC92B90BFE600B7D5DA /* Base */,
			);
			name = LaunchScreen.storyboard;
			sourceTree = "<group>";
		};
/* End PBXVariantGroup section */

/* Begin XCBuildConfiguration section */
		D6C65FCC2B90BFE600B7D5DA /* Debug */ = {
			isa = XCBuildConfiguration;
			buildSettings = {
				ALWAYS_SEARCH_USER_PATHS = NO;
				ASSETCATALOG_COMPILER_GENERATE_SWIFT_ASSET_SYMBOL_EXTENSIONS = YES;
				CLANG_ANALYZER_NONNULL = YES;
				CLANG_ANALYZER_NUMBER_OBJECT_CONVERSION = YES_AGGRESSIVE;
				CLANG_CXX_LANGUAGE_STANDARD = "gnu++20";
				CLANG_ENABLE_MODULES = YES;
				CLANG_ENABLE_OBJC_ARC = YES;
				CLANG_ENABLE_OBJC_WEAK = YES;
				CLANG_WARN_BLOCK_CAPTURE_AUTORELEASING = YES;
				CLANG_WARN_BOOL_CONVERSION = YES;
				CLANG_WARN_COMMA = YES;
				CLANG_WARN_CONSTANT_CONVERSION = YES;
				CLANG_WARN_DEPRECATED_OBJC_IMPLEMENTATIONS = YES;
				CLANG_WARN_DIRECT_OBJC_ISA_USAGE = YES_ERROR;
				CLANG_WARN_DOCUMENTATION_COMMENTS = YES;
				CLANG_WARN_EMPTY_BODY = YES;
				CLANG_WARN_ENUM_CONVERSION = YES;
				CLANG_WARN_INFINITE_RECURSION = YES;
				CLANG_WARN_INT_CONVERSION = YES;
				CLANG_WARN_NON_LITERAL_NULL_CONVERSION = YES;
				CLANG_WARN_OBJC_IMPLICIT_RETAIN_SELF = YES;
				CLANG_WARN_OBJC_LITERAL_CONVERSION = YES;
				CLANG_WARN_OBJC_ROOT_CLASS = YES_ERROR;
				CLANG_WARN_QUOTED_INCLUDE_IN_FRAMEWORK_HEADER = YES;
				CLANG_WARN_RANGE_LOOP_ANALYSIS = YES;
				CLANG_WARN_STRICT_PROTOTYPES = YES;
				CLANG_WARN_SUSPICIOUS_MOVE = YES;
				CLANG_WARN_UNGUARDED_AVAILABILITY = YES_AGGRESSIVE;
				CLANG_WARN_UNREACHABLE_CODE = YES;
				CLANG_WARN__DUPLICATE_METHOD_MATCH = YES;
				COPY_PHASE_STRIP = NO;
				DEBUG_INFORMATION_FORMAT = dwarf;
				ENABLE_STRICT_OBJC_MSGSEND = YES;
				ENABLE_TESTABILITY = YES;
				ENABLE_USER_SCRIPT_SANDBOXING = YES;
				GCC_C_LANGUAGE_STANDARD = gnu17;
				GCC_DYNAMIC_NO_PIC = NO;
				GCC_NO_COMMON_BLOCKS = YES;
				GCC_OPTIMIZATION_LEVEL = 0;
				GCC_PREPROCESSOR_DEFINITIONS = (
					"DEBUG=1",
					"$(inherited)",
				);
				GCC_WARN_64_TO_32_BIT_CONVERSION = YES;
				GCC_WARN_ABOUT_RETURN_TYPE = YES_ERROR;
				GCC_WARN_UNDECLARED_SELECTOR = YES;
				GCC_WARN_UNINITIALIZED_AUTOS = YES_AGGRESSIVE;
				GCC_WARN_UNUSED_FUNCTION = YES;
				GCC_WARN_UNUSED_VARIABLE = YES;
				IPHONEOS_DEPLOYMENT_TARGET = 17.0;
				LOCALIZATION_PREFERS_STRING_CATALOGS = YES;
				MTL_ENABLE_DEBUG_INFO = INCLUDE_SOURCE;
				MTL_FAST_MATH = YES;
				ONLY_ACTIVE_ARCH = YES;
				SDKROOT = iphoneos;
				SWIFT_ACTIVE_COMPILATION_CONDITIONS = "DEBUG $(inherited)";
				SWIFT_OPTIMIZATION_LEVEL = "-Onone";
			};
			name = Debug;
		};
		D6C65FCD2B90BFE600B7D5DA /* Release */ = {
			isa = XCBuildConfiguration;
			buildSettings = {
				ALWAYS_SEARCH_USER_PATHS = NO;
				ASSETCATALOG_COMPILER_GENERATE_SWIFT_ASSET_SYMBOL_EXTENSIONS = YES;
				CLANG_ANALYZER_NONNULL = YES;
				CLANG_ANALYZER_NUMBER_OBJECT_CONVERSION = YES_AGGRESSIVE;
				CLANG_CXX_LANGUAGE_STANDARD = "gnu++20";
				CLANG_ENABLE_MODULES = YES;
				CLANG_ENABLE_OBJC_ARC = YES;
				CLANG_ENABLE_OBJC_WEAK = YES;
				CLANG_WARN_BLOCK_CAPTURE_AUTORELEASING = YES;
				CLANG_WARN_BOOL_CONVERSION = YES;
				CLANG_WARN_COMMA = YES;
				CLANG_WARN_CONSTANT_CONVERSION = YES;
				CLANG_WARN_DEPRECATED_OBJC_IMPLEMENTATIONS = YES;
				CLANG_WARN_DIRECT_OBJC_ISA_USAGE = YES_ERROR;
				CLANG_WARN_DOCUMENTATION_COMMENTS = YES;
				CLANG_WARN_EMPTY_BODY = YES;
				CLANG_WARN_ENUM_CONVERSION = YES;
				CLANG_WARN_INFINITE_RECURSION = YES;
				CLANG_WARN_INT_CONVERSION = YES;
				CLANG_WARN_NON_LITERAL_NULL_CONVERSION = YES;
				CLANG_WARN_OBJC_IMPLICIT_RETAIN_SELF = YES;
				CLANG_WARN_OBJC_LITERAL_CONVERSION = YES;
				CLANG_WARN_OBJC_ROOT_CLASS = YES_ERROR;
				CLANG_WARN_QUOTED_INCLUDE_IN_FRAMEWORK_HEADER = YES;
				CLANG_WARN_RANGE_LOOP_ANALYSIS = YES;
				CLANG_WARN_STRICT_PROTOTYPES = YES;
				CLANG_WARN_SUSPICIOUS_MOVE = YES;
				CLANG_WARN_UNGUARDED_AVAILABILITY = YES_AGGRESSIVE;
				CLANG_WARN_UNREACHABLE_CODE = YES;
				CLANG_WARN__DUPLICATE_METHOD_MATCH = YES;
				COPY_PHASE_STRIP = NO;
				DEBUG_INFORMATION_FORMAT = "dwarf-with-dsym";
				ENABLE_NS_ASSERTIONS = NO;
				ENABLE_STRICT_OBJC_MSGSEND = YES;
				ENABLE_USER_SCRIPT_SANDBOXING = YES;
				GCC_C_LANGUAGE_STANDARD = gnu17;
				GCC_NO_COMMON_BLOCKS = YES;
				GCC_WARN_64_TO_32_BIT_CONVERSION = YES;
				GCC_WARN_ABOUT_RETURN_TYPE = YES_ERROR;
				GCC_WARN_UNDECLARED_SELECTOR = YES;
				GCC_WARN_UNINITIALIZED_AUTOS = YES_AGGRESSIVE;
				GCC_WARN_UNUSED_FUNCTION = YES;
				GCC_WARN_UNUSED_VARIABLE = YES;
				IPHONEOS_DEPLOYMENT_TARGET = 17.0;
				LOCALIZATION_PREFERS_STRING_CATALOGS = YES;
				MTL_ENABLE_DEBUG_INFO = NO;
				MTL_FAST_MATH = YES;
				SDKROOT = iphoneos;
				SWIFT_COMPILATION_MODE = wholemodule;
				VALIDATE_PRODUCT = YES;
			};
			name = Release;
		};
		D6C65FCF2B90BFE600B7D5DA /* Debug */ = {
			isa = XCBuildConfiguration;
			buildSettings = {
				ASSETCATALOG_COMPILER_APPICON_NAME = AppIcon;
				ASSETCATALOG_COMPILER_GLOBAL_ACCENT_COLOR_NAME = AccentColor;
				CODE_SIGN_STYLE = Automatic;
				CURRENT_PROJECT_VERSION = 1;
				DEVELOPMENT_TEAM = T6K4YY626W;
				GENERATE_INFOPLIST_FILE = YES;
				INFOPLIST_FILE = CleanArchitecture/Info.plist;
				INFOPLIST_KEY_UIApplicationSupportsIndirectInputEvents = YES;
				INFOPLIST_KEY_UILaunchStoryboardName = LaunchScreen;
				INFOPLIST_KEY_UISupportedInterfaceOrientations_iPad = "UIInterfaceOrientationPortrait UIInterfaceOrientationPortraitUpsideDown UIInterfaceOrientationLandscapeLeft UIInterfaceOrientationLandscapeRight";
				INFOPLIST_KEY_UISupportedInterfaceOrientations_iPhone = "UIInterfaceOrientationPortrait UIInterfaceOrientationLandscapeLeft UIInterfaceOrientationLandscapeRight";
				IPHONEOS_DEPLOYMENT_TARGET = 16.0;
				LD_RUNPATH_SEARCH_PATHS = (
					"$(inherited)",
					"@executable_path/Frameworks",
				);
				MARKETING_VERSION = 1.0;
				PRODUCT_BUNDLE_IDENTIFIER = com.yamany.cleanarch;
				PRODUCT_NAME = "$(TARGET_NAME)";
				SWIFT_EMIT_LOC_STRINGS = YES;
				SWIFT_VERSION = 5.0;
				TARGETED_DEVICE_FAMILY = "1,2";
			};
			name = Debug;
		};
		D6C65FD02B90BFE600B7D5DA /* Release */ = {
			isa = XCBuildConfiguration;
			buildSettings = {
				ASSETCATALOG_COMPILER_APPICON_NAME = AppIcon;
				ASSETCATALOG_COMPILER_GLOBAL_ACCENT_COLOR_NAME = AccentColor;
				CODE_SIGN_STYLE = Automatic;
				CURRENT_PROJECT_VERSION = 1;
				DEVELOPMENT_TEAM = T6K4YY626W;
				GENERATE_INFOPLIST_FILE = YES;
				INFOPLIST_FILE = CleanArchitecture/Info.plist;
				INFOPLIST_KEY_UIApplicationSupportsIndirectInputEvents = YES;
				INFOPLIST_KEY_UILaunchStoryboardName = LaunchScreen;
				INFOPLIST_KEY_UISupportedInterfaceOrientations_iPad = "UIInterfaceOrientationPortrait UIInterfaceOrientationPortraitUpsideDown UIInterfaceOrientationLandscapeLeft UIInterfaceOrientationLandscapeRight";
				INFOPLIST_KEY_UISupportedInterfaceOrientations_iPhone = "UIInterfaceOrientationPortrait UIInterfaceOrientationLandscapeLeft UIInterfaceOrientationLandscapeRight";
				IPHONEOS_DEPLOYMENT_TARGET = 16.0;
				LD_RUNPATH_SEARCH_PATHS = (
					"$(inherited)",
					"@executable_path/Frameworks",
				);
				MARKETING_VERSION = 1.0;
				PRODUCT_BUNDLE_IDENTIFIER = com.yamany.cleanarch;
				PRODUCT_NAME = "$(TARGET_NAME)";
				SWIFT_EMIT_LOC_STRINGS = YES;
				SWIFT_VERSION = 5.0;
				TARGETED_DEVICE_FAMILY = "1,2";
			};
			name = Release;
		};
/* End XCBuildConfiguration section */

/* Begin XCConfigurationList section */
		D6C65FB52B90BFE400B7D5DA /* Build configuration list for PBXProject "CleanArchitecture" */ = {
			isa = XCConfigurationList;
			buildConfigurations = (
				D6C65FCC2B90BFE600B7D5DA /* Debug */,
				D6C65FCD2B90BFE600B7D5DA /* Release */,
			);
			defaultConfigurationIsVisible = 0;
			defaultConfigurationName = Release;
		};
		D6C65FCE2B90BFE600B7D5DA /* Build configuration list for PBXNativeTarget "CleanArchitecture" */ = {
			isa = XCConfigurationList;
			buildConfigurations = (
				D6C65FCF2B90BFE600B7D5DA /* Debug */,
				D6C65FD02B90BFE600B7D5DA /* Release */,
			);
			defaultConfigurationIsVisible = 0;
			defaultConfigurationName = Release;
		};
/* End XCConfigurationList section */
	};
	rootObject = D6C65FB22B90BFE400B7D5DA /* Project object */;
}
